
Microsoft Visual Studio Solution File, Format Version 12.00
# Visual Studio Version 17
VisualStudioVersion = 17.5.33414.496
MinimumVisualStudioVersion = 10.0.40219.1
Project("{9A19103F-16F7-4668-BE54-9A1E7A4F7556}") = "BookService", "BookService\BookService.csproj", "{F8D827C6-C540-4710-94F7-B2E9274895B0}"
EndProject
Project("{9A19103F-16F7-4668-BE54-9A1E7A4F7556}") = "UserService", "UserService\UserService.csproj", "{4A7CBA8D-CA9C-4E5F-A6C3-B707254B397E}"
EndProject
Project("{FAE04EC0-301F-11D3-BF4B-00C04F79EFBC}") = "CommonLib", "CommonLib\CommonLib.csproj", "{14785CC7-3459-49DE-BC5C-5E24DB988FE8}"
EndProject
Project("{FAE04EC0-301F-11D3-BF4B-00C04F79EFBC}") = "UserServiceLib", "UserServiceLib\UserServiceLib.csproj", "{06AD9D7E-CEF7-4F26-B37C-EB8DD6022570}"
EndProject
Global
	GlobalSection(SolutionConfigurationPlatforms) = preSolution
		Debug|Any CPU = Debug|Any CPU
		Release|Any CPU = Release|Any CPU
	EndGlobalSection
	GlobalSection(ProjectConfigurationPlatforms) = postSolution
		{F8D827C6-C540-4710-94F7-B2E9274895B0}.Debug|Any CPU.ActiveCfg = Debug|Any CPU
		{F8D827C6-C540-4710-94F7-B2E9274895B0}.Debug|Any CPU.Build.0 = Debug|Any CPU
		{F8D827C6-C540-4710-94F7-B2E9274895B0}.Release|Any CPU.ActiveCfg = Release|Any CPU
		{F8D827C6-C540-4710-94F7-B2E9274895B0}.Release|Any CPU.Build.0 = Release|Any CPU
		{4A7CBA8D-CA9C-4E5F-A6C3-B707254B397E}.Debug|Any CPU.ActiveCfg = Debug|Any CPU
		{4A7CBA8D-CA9C-4E5F-A6C3-B707254B397E}.Debug|Any CPU.Build.0 = Debug|Any CPU
		{4A7CBA8D-CA9C-4E5F-A6C3-B707254B397E}.Release|Any CPU.ActiveCfg = Release|Any CPU
		{4A7CBA8D-CA9C-4E5F-A6C3-B707254B397E}.Release|Any CPU.Build.0 = Release|Any CPU
		{14785CC7-3459-49DE-BC5C-5E24DB988FE8}.Debug|Any CPU.ActiveCfg = Debug|Any CPU
		{14785CC7-3459-49DE-BC5C-5E24DB988FE8}.Debug|Any CPU.Build.0 = Debug|Any CPU
		{14785CC7-3459-49DE-BC5C-5E24DB988FE8}.Release|Any CPU.ActiveCfg = Release|Any CPU
		{14785CC7-3459-49DE-BC5C-5E24DB988FE8}.Release|Any CPU.Build.0 = Release|Any CPU
		{06AD9D7E-CEF7-4F26-B37C-EB8DD6022570}.Debug|Any CPU.ActiveCfg = Debug|Any CPU
		{06AD9D7E-CEF7-4F26-B37C-EB8DD6022570}.Debug|Any CPU.Build.0 = Debug|Any CPU
		{06AD9D7E-CEF7-4F26-B37C-EB8DD6022570}.Release|Any CPU.ActiveCfg = Release|Any CPU
		{06AD9D7E-CEF7-4F26-B37C-EB8DD6022570}.Release|Any CPU.Build.0 = Release|Any CPU
	EndGlobalSection
	GlobalSection(SolutionProperties) = preSolution
		HideSolutionNode = FALSE
	EndGlobalSection
	GlobalSection(ExtensibilityGlobals) = postSolution
		SolutionGuid = {AC70BF2B-F7B7-46D5-ABA8-8517CC1B1DA7}
	EndGlobalSection
EndGlobal
